// !$*UTF8*$!
{
	archiveVersion = 1;
	classes = {
	};
	objectVersion = 55;
	objects = {

/* Begin PBXBuildFile section */
		86C3ADD0B148E24CC77DA773 /* Pods_RxMemo.framework in Frameworks */ = {isa = PBXBuildFile; fileRef = 228E613BC7215B3EC4C79FC8 /* Pods_RxMemo.framework */; };
		E62734EB28192E780006EC88 /* AppDelegate.swift in Sources */ = {isa = PBXBuildFile; fileRef = E62734EA28192E780006EC88 /* AppDelegate.swift */; };
		E62734ED28192E780006EC88 /* SceneDelegate.swift in Sources */ = {isa = PBXBuildFile; fileRef = E62734EC28192E780006EC88 /* SceneDelegate.swift */; };
		E62734F528192E780006EC88 /* RxMemo.xcdatamodeld in Sources */ = {isa = PBXBuildFile; fileRef = E62734F328192E780006EC88 /* RxMemo.xcdatamodeld */; };
		E62734F728192E780006EC88 /* Assets.xcassets in Resources */ = {isa = PBXBuildFile; fileRef = E62734F628192E780006EC88 /* Assets.xcassets */; };
		E62734FA28192E780006EC88 /* LaunchScreen.storyboard in Resources */ = {isa = PBXBuildFile; fileRef = E62734F828192E780006EC88 /* LaunchScreen.storyboard */; };
		E65B0659281A5A2B00BBB4AB /* Memo.swift in Sources */ = {isa = PBXBuildFile; fileRef = E65B0658281A5A2B00BBB4AB /* Memo.swift */; };
		E65B065D281A5A3800BBB4AB /* MemoDetailViewModel.swift in Sources */ = {isa = PBXBuildFile; fileRef = E65B065C281A5A3800BBB4AB /* MemoDetailViewModel.swift */; };
		E65B065F281A5A3F00BBB4AB /* MemoStorageType.swift in Sources */ = {isa = PBXBuildFile; fileRef = E65B065E281A5A3F00BBB4AB /* MemoStorageType.swift */; };
		E65B0661281A5A4600BBB4AB /* Scene.swift in Sources */ = {isa = PBXBuildFile; fileRef = E65B0660281A5A4600BBB4AB /* Scene.swift */; };
		E65B0668281A603600BBB4AB /* MemoryStorage.swift in Sources */ = {isa = PBXBuildFile; fileRef = E65B0667281A603600BBB4AB /* MemoryStorage.swift */; };
		E65B066A281A638A00BBB4AB /* MemoListViewController.swift in Sources */ = {isa = PBXBuildFile; fileRef = E65B0669281A638A00BBB4AB /* MemoListViewController.swift */; };
		E65B066C281A63B200BBB4AB /* MemoDetailViewController.swift in Sources */ = {isa = PBXBuildFile; fileRef = E65B066B281A63B200BBB4AB /* MemoDetailViewController.swift */; };
		E65B066E281A63E100BBB4AB /* MemoComposeViewController.swift in Sources */ = {isa = PBXBuildFile; fileRef = E65B066D281A63E100BBB4AB /* MemoComposeViewController.swift */; };
		E65B0670281A66D000BBB4AB /* MemoListViewModel.swift in Sources */ = {isa = PBXBuildFile; fileRef = E65B066F281A66D000BBB4AB /* MemoListViewModel.swift */; };
		E65B0672281A672400BBB4AB /* MemoComposeViewModel.swift in Sources */ = {isa = PBXBuildFile; fileRef = E65B0671281A672400BBB4AB /* MemoComposeViewModel.swift */; };
		E65B0674281A675D00BBB4AB /* ViewModelBindableType.swift in Sources */ = {isa = PBXBuildFile; fileRef = E65B0673281A675D00BBB4AB /* ViewModelBindableType.swift */; };
		E65B067C281A99B400BBB4AB /* TransitionModel.swift in Sources */ = {isa = PBXBuildFile; fileRef = E65B067B281A99B400BBB4AB /* TransitionModel.swift */; };
		E65B067E281A9B4400BBB4AB /* SceneCoordinatorType.swift in Sources */ = {isa = PBXBuildFile; fileRef = E65B067D281A9B4400BBB4AB /* SceneCoordinatorType.swift */; };
		E65B0680281A9BAD00BBB4AB /* SceneCoordinator.swift in Sources */ = {isa = PBXBuildFile; fileRef = E65B067F281A9BAD00BBB4AB /* SceneCoordinator.swift */; };
		E65B0682281AA1F200BBB4AB /* CommonViewModel.swift in Sources */ = {isa = PBXBuildFile; fileRef = E65B0681281AA1F200BBB4AB /* CommonViewModel.swift */; };
		E65B0684281AC3D400BBB4AB /* MemoContentTableViewCell.swift in Sources */ = {isa = PBXBuildFile; fileRef = E65B0683281AC3D400BBB4AB /* MemoContentTableViewCell.swift */; };
		E65B0686281AC41A00BBB4AB /* MemoDateTableViewCell.swift in Sources */ = {isa = PBXBuildFile; fileRef = E65B0685281AC41A00BBB4AB /* MemoDateTableViewCell.swift */; };
/* End PBXBuildFile section */

/* Begin PBXFileReference section */
		12249FFB098FF680D4536D80 /* Pods-RxMemo.debug.xcconfig */ = {isa = PBXFileReference; includeInIndex = 1; lastKnownFileType = text.xcconfig; name = "Pods-RxMemo.debug.xcconfig"; path = "Target Support Files/Pods-RxMemo/Pods-RxMemo.debug.xcconfig"; sourceTree = "<group>"; };
		228E613BC7215B3EC4C79FC8 /* Pods_RxMemo.framework */ = {isa = PBXFileReference; explicitFileType = wrapper.framework; includeInIndex = 0; path = Pods_RxMemo.framework; sourceTree = BUILT_PRODUCTS_DIR; };
		B01F0CB08DD7D695890F345C /* Pods-RxMemo.release.xcconfig */ = {isa = PBXFileReference; includeInIndex = 1; lastKnownFileType = text.xcconfig; name = "Pods-RxMemo.release.xcconfig"; path = "Target Support Files/Pods-RxMemo/Pods-RxMemo.release.xcconfig"; sourceTree = "<group>"; };
		E62734E728192E780006EC88 /* RxMemo.app */ = {isa = PBXFileReference; explicitFileType = wrapper.application; includeInIndex = 0; path = RxMemo.app; sourceTree = BUILT_PRODUCTS_DIR; };
		E62734EA28192E780006EC88 /* AppDelegate.swift */ = {isa = PBXFileReference; lastKnownFileType = sourcecode.swift; path = AppDelegate.swift; sourceTree = "<group>"; };
		E62734EC28192E780006EC88 /* SceneDelegate.swift */ = {isa = PBXFileReference; lastKnownFileType = sourcecode.swift; path = SceneDelegate.swift; sourceTree = "<group>"; };
		E62734F428192E780006EC88 /* RxMemo.xcdatamodel */ = {isa = PBXFileReference; lastKnownFileType = wrapper.xcdatamodel; path = RxMemo.xcdatamodel; sourceTree = "<group>"; };
		E62734F628192E780006EC88 /* Assets.xcassets */ = {isa = PBXFileReference; lastKnownFileType = folder.assetcatalog; path = Assets.xcassets; sourceTree = "<group>"; };
		E62734F928192E780006EC88 /* Base */ = {isa = PBXFileReference; lastKnownFileType = file.storyboard; name = Base; path = Base.lproj/LaunchScreen.storyboard; sourceTree = "<group>"; };
		E62734FB28192E780006EC88 /* Info.plist */ = {isa = PBXFileReference; lastKnownFileType = text.plist.xml; path = Info.plist; sourceTree = "<group>"; };
		E65B0658281A5A2B00BBB4AB /* Memo.swift */ = {isa = PBXFileReference; lastKnownFileType = sourcecode.swift; path = Memo.swift; sourceTree = "<group>"; };
		E65B065C281A5A3800BBB4AB /* MemoDetailViewModel.swift */ = {isa = PBXFileReference; lastKnownFileType = sourcecode.swift; path = MemoDetailViewModel.swift; sourceTree = "<group>"; };
		E65B065E281A5A3F00BBB4AB /* MemoStorageType.swift */ = {isa = PBXFileReference; lastKnownFileType = sourcecode.swift; path = MemoStorageType.swift; sourceTree = "<group>"; };
		E65B0660281A5A4600BBB4AB /* Scene.swift */ = {isa = PBXFileReference; lastKnownFileType = sourcecode.swift; path = Scene.swift; sourceTree = "<group>"; };
		E65B0667281A603600BBB4AB /* MemoryStorage.swift */ = {isa = PBXFileReference; lastKnownFileType = sourcecode.swift; path = MemoryStorage.swift; sourceTree = "<group>"; };
		E65B0669281A638A00BBB4AB /* MemoListViewController.swift */ = {isa = PBXFileReference; lastKnownFileType = sourcecode.swift; path = MemoListViewController.swift; sourceTree = "<group>"; };
		E65B066B281A63B200BBB4AB /* MemoDetailViewController.swift */ = {isa = PBXFileReference; lastKnownFileType = sourcecode.swift; path = MemoDetailViewController.swift; sourceTree = "<group>"; };
		E65B066D281A63E100BBB4AB /* MemoComposeViewController.swift */ = {isa = PBXFileReference; lastKnownFileType = sourcecode.swift; path = MemoComposeViewController.swift; sourceTree = "<group>"; };
		E65B066F281A66D000BBB4AB /* MemoListViewModel.swift */ = {isa = PBXFileReference; lastKnownFileType = sourcecode.swift; path = MemoListViewModel.swift; sourceTree = "<group>"; };
		E65B0671281A672400BBB4AB /* MemoComposeViewModel.swift */ = {isa = PBXFileReference; lastKnownFileType = sourcecode.swift; path = MemoComposeViewModel.swift; sourceTree = "<group>"; };
		E65B0673281A675D00BBB4AB /* ViewModelBindableType.swift */ = {isa = PBXFileReference; lastKnownFileType = sourcecode.swift; path = ViewModelBindableType.swift; sourceTree = "<group>"; };
		E65B067B281A99B400BBB4AB /* TransitionModel.swift */ = {isa = PBXFileReference; lastKnownFileType = sourcecode.swift; path = TransitionModel.swift; sourceTree = "<group>"; };
		E65B067D281A9B4400BBB4AB /* SceneCoordinatorType.swift */ = {isa = PBXFileReference; lastKnownFileType = sourcecode.swift; path = SceneCoordinatorType.swift; sourceTree = "<group>"; };
		E65B067F281A9BAD00BBB4AB /* SceneCoordinator.swift */ = {isa = PBXFileReference; lastKnownFileType = sourcecode.swift; path = SceneCoordinator.swift; sourceTree = "<group>"; };
		E65B0681281AA1F200BBB4AB /* CommonViewModel.swift */ = {isa = PBXFileReference; lastKnownFileType = sourcecode.swift; path = CommonViewModel.swift; sourceTree = "<group>"; };
		E65B0683281AC3D400BBB4AB /* MemoContentTableViewCell.swift */ = {isa = PBXFileReference; lastKnownFileType = sourcecode.swift; path = MemoContentTableViewCell.swift; sourceTree = "<group>"; };
		E65B0685281AC41A00BBB4AB /* MemoDateTableViewCell.swift */ = {isa = PBXFileReference; lastKnownFileType = sourcecode.swift; path = MemoDateTableViewCell.swift; sourceTree = "<group>"; };
/* End PBXFileReference section */

/* Begin PBXFrameworksBuildPhase section */
		E62734E428192E780006EC88 /* Frameworks */ = {
			isa = PBXFrameworksBuildPhase;
			buildActionMask = 2147483647;
			files = (
				86C3ADD0B148E24CC77DA773 /* Pods_RxMemo.framework in Frameworks */,
			);
			runOnlyForDeploymentPostprocessing = 0;
		};
/* End PBXFrameworksBuildPhase section */

/* Begin PBXGroup section */
		A5315C5481CAD06A25E807FA /* Pods */ = {
			isa = PBXGroup;
			children = (
				12249FFB098FF680D4536D80 /* Pods-RxMemo.debug.xcconfig */,
				B01F0CB08DD7D695890F345C /* Pods-RxMemo.release.xcconfig */,
			);
			path = Pods;
			sourceTree = "<group>";
		};
		E62734DE28192E780006EC88 = {
			isa = PBXGroup;
			children = (
				E62734E928192E780006EC88 /* RxMemo */,
				E62734E828192E780006EC88 /* Products */,
				A5315C5481CAD06A25E807FA /* Pods */,
				FC5E7909454D8EDBAF201302 /* Frameworks */,
			);
			sourceTree = "<group>";
		};
		E62734E828192E780006EC88 /* Products */ = {
			isa = PBXGroup;
			children = (
				E62734E728192E780006EC88 /* RxMemo.app */,
			);
			name = Products;
			sourceTree = "<group>";
		};
		E62734E928192E780006EC88 /* RxMemo */ = {
			isa = PBXGroup;
			children = (
				E65B0657281A5A2000BBB4AB /* Scene */,
				E65B0656281A5A0300BBB4AB /* Service */,
				E65B0655281A59F200BBB4AB /* ViewModel */,
				E65B0653281A59CE00BBB4AB /* ViewController */,
				E65B0654281A59EB00BBB4AB /* Model */,
				E62734EA28192E780006EC88 /* AppDelegate.swift */,
				E62734EC28192E780006EC88 /* SceneDelegate.swift */,
				E62734F628192E780006EC88 /* Assets.xcassets */,
				E62734F828192E780006EC88 /* LaunchScreen.storyboard */,
				E62734FB28192E780006EC88 /* Info.plist */,
			);
			path = RxMemo;
			sourceTree = "<group>";
		};
		E65B0653281A59CE00BBB4AB /* ViewController */ = {
			isa = PBXGroup;
			children = (
				E65B0669281A638A00BBB4AB /* MemoListViewController.swift */,
				E65B066B281A63B200BBB4AB /* MemoDetailViewController.swift */,
				E65B066D281A63E100BBB4AB /* MemoComposeViewController.swift */,
				E65B0673281A675D00BBB4AB /* ViewModelBindableType.swift */,
				E65B0683281AC3D400BBB4AB /* MemoContentTableViewCell.swift */,
				E65B0685281AC41A00BBB4AB /* MemoDateTableViewCell.swift */,
			);
			path = ViewController;
			sourceTree = "<group>";
		};
		E65B0654281A59EB00BBB4AB /* Model */ = {
			isa = PBXGroup;
			children = (
				E65B0658281A5A2B00BBB4AB /* Memo.swift */,
			);
			path = Model;
			sourceTree = "<group>";
		};
		E65B0655281A59F200BBB4AB /* ViewModel */ = {
			isa = PBXGroup;
			children = (
				E65B066F281A66D000BBB4AB /* MemoListViewModel.swift */,
				E65B065C281A5A3800BBB4AB /* MemoDetailViewModel.swift */,
				E65B0671281A672400BBB4AB /* MemoComposeViewModel.swift */,
				E65B0681281AA1F200BBB4AB /* CommonViewModel.swift */,
			);
			path = ViewModel;
			sourceTree = "<group>";
		};
		E65B0656281A5A0300BBB4AB /* Service */ = {
			isa = PBXGroup;
			children = (
				E65B0666281A601300BBB4AB /* CoreDataStorage */,
				E65B0664281A600500BBB4AB /* MemoStorage */,
				E65B065E281A5A3F00BBB4AB /* MemoStorageType.swift */,
			);
			path = Service;
			sourceTree = "<group>";
		};
		E65B0657281A5A2000BBB4AB /* Scene */ = {
			isa = PBXGroup;
			children = (
				E65B067B281A99B400BBB4AB /* TransitionModel.swift */,
				E65B0660281A5A4600BBB4AB /* Scene.swift */,
				E65B067D281A9B4400BBB4AB /* SceneCoordinatorType.swift */,
				E65B067F281A9BAD00BBB4AB /* SceneCoordinator.swift */,
			);
			path = Scene;
			sourceTree = "<group>";
		};
		E65B0664281A600500BBB4AB /* MemoStorage */ = {
			isa = PBXGroup;
			children = (
				E65B0667281A603600BBB4AB /* MemoryStorage.swift */,
			);
			path = MemoStorage;
			sourceTree = "<group>";
		};
		E65B0666281A601300BBB4AB /* CoreDataStorage */ = {
			isa = PBXGroup;
			children = (
				E62734F328192E780006EC88 /* RxMemo.xcdatamodeld */,
			);
			path = CoreDataStorage;
			sourceTree = "<group>";
		};
		FC5E7909454D8EDBAF201302 /* Frameworks */ = {
			isa = PBXGroup;
			children = (
				228E613BC7215B3EC4C79FC8 /* Pods_RxMemo.framework */,
			);
			name = Frameworks;
			sourceTree = "<group>";
		};
/* End PBXGroup section */

/* Begin PBXNativeTarget section */
		E62734E628192E780006EC88 /* RxMemo */ = {
			isa = PBXNativeTarget;
			buildConfigurationList = E62734FE28192E780006EC88 /* Build configuration list for PBXNativeTarget "RxMemo" */;
			buildPhases = (
				90904F1256B64EBF6E15BF69 /* [CP] Check Pods Manifest.lock */,
				E62734E328192E780006EC88 /* Sources */,
				E62734E428192E780006EC88 /* Frameworks */,
				E62734E528192E780006EC88 /* Resources */,
				7DE44D555F7BC7F33A658576 /* [CP] Embed Pods Frameworks */,
			);
			buildRules = (
			);
			dependencies = (
			);
			name = RxMemo;
			productName = RxMemo;
			productReference = E62734E728192E780006EC88 /* RxMemo.app */;
			productType = "com.apple.product-type.application";
		};
/* End PBXNativeTarget section */

/* Begin PBXProject section */
		E62734DF28192E780006EC88 /* Project object */ = {
			isa = PBXProject;
			attributes = {
				BuildIndependentTargetsInParallel = 1;
				LastSwiftUpdateCheck = 1330;
				LastUpgradeCheck = 1330;
				TargetAttributes = {
					E62734E628192E780006EC88 = {
						CreatedOnToolsVersion = 13.3.1;
					};
				};
			};
			buildConfigurationList = E62734E228192E780006EC88 /* Build configuration list for PBXProject "RxMemo" */;
			compatibilityVersion = "Xcode 13.0";
			developmentRegion = en;
			hasScannedForEncodings = 0;
			knownRegions = (
				en,
				Base,
			);
			mainGroup = E62734DE28192E780006EC88;
			productRefGroup = E62734E828192E780006EC88 /* Products */;
			projectDirPath = "";
			projectRoot = "";
			targets = (
				E62734E628192E780006EC88 /* RxMemo */,
			);
		};
/* End PBXProject section */

/* Begin PBXResourcesBuildPhase section */
		E62734E528192E780006EC88 /* Resources */ = {
			isa = PBXResourcesBuildPhase;
			buildActionMask = 2147483647;
			files = (
				E62734FA28192E780006EC88 /* LaunchScreen.storyboard in Resources */,
				E62734F728192E780006EC88 /* Assets.xcassets in Resources */,
			);
			runOnlyForDeploymentPostprocessing = 0;
		};
/* End PBXResourcesBuildPhase section */

/* Begin PBXShellScriptBuildPhase section */
		7DE44D555F7BC7F33A658576 /* [CP] Embed Pods Frameworks */ = {
			isa = PBXShellScriptBuildPhase;
			buildActionMask = 2147483647;
			files = (
			);
			inputFileListPaths = (
				"${PODS_ROOT}/Target Support Files/Pods-RxMemo/Pods-RxMemo-frameworks-${CONFIGURATION}-input-files.xcfilelist",
			);
			name = "[CP] Embed Pods Frameworks";
			outputFileListPaths = (
				"${PODS_ROOT}/Target Support Files/Pods-RxMemo/Pods-RxMemo-frameworks-${CONFIGURATION}-output-files.xcfilelist",
			);
			runOnlyForDeploymentPostprocessing = 0;
			shellPath = /bin/sh;
			shellScript = "\"${PODS_ROOT}/Target Support Files/Pods-RxMemo/Pods-RxMemo-frameworks.sh\"\n";
			showEnvVarsInLog = 0;
		};
		90904F1256B64EBF6E15BF69 /* [CP] Check Pods Manifest.lock */ = {
			isa = PBXShellScriptBuildPhase;
			buildActionMask = 2147483647;
			files = (
			);
			inputFileListPaths = (
			);
			inputPaths = (
				"${PODS_PODFILE_DIR_PATH}/Podfile.lock",
				"${PODS_ROOT}/Manifest.lock",
			);
			name = "[CP] Check Pods Manifest.lock";
			outputFileListPaths = (
			);
			outputPaths = (
				"$(DERIVED_FILE_DIR)/Pods-RxMemo-checkManifestLockResult.txt",
			);
			runOnlyForDeploymentPostprocessing = 0;
			shellPath = /bin/sh;
			shellScript = "diff \"${PODS_PODFILE_DIR_PATH}/Podfile.lock\" \"${PODS_ROOT}/Manifest.lock\" > /dev/null\nif [ $? != 0 ] ; then\n    # print error to STDERR\n    echo \"error: The sandbox is not in sync with the Podfile.lock. Run 'pod install' or update your CocoaPods installation.\" >&2\n    exit 1\nfi\n# This output is used by Xcode 'outputs' to avoid re-running this script phase.\necho \"SUCCESS\" > \"${SCRIPT_OUTPUT_FILE_0}\"\n";
			showEnvVarsInLog = 0;
		};
/* End PBXShellScriptBuildPhase section */

/* Begin PBXSourcesBuildPhase section */
		E62734E328192E780006EC88 /* Sources */ = {
			isa = PBXSourcesBuildPhase;
			buildActionMask = 2147483647;
			files = (
				E65B0684281AC3D400BBB4AB /* MemoContentTableViewCell.swift in Sources */,
				E65B065F281A5A3F00BBB4AB /* MemoStorageType.swift in Sources */,
				E65B066E281A63E100BBB4AB /* MemoComposeViewController.swift in Sources */,
				E65B0680281A9BAD00BBB4AB /* SceneCoordinator.swift in Sources */,
				E65B0659281A5A2B00BBB4AB /* Memo.swift in Sources */,
				E65B0686281AC41A00BBB4AB /* MemoDateTableViewCell.swift in Sources */,
				E65B067C281A99B400BBB4AB /* TransitionModel.swift in Sources */,
				E65B066C281A63B200BBB4AB /* MemoDetailViewController.swift in Sources */,
				E62734EB28192E780006EC88 /* AppDelegate.swift in Sources */,
				E65B0672281A672400BBB4AB /* MemoComposeViewModel.swift in Sources */,
				E62734ED28192E780006EC88 /* SceneDelegate.swift in Sources */,
				E62734F528192E780006EC88 /* RxMemo.xcdatamodeld in Sources */,
				E65B067E281A9B4400BBB4AB /* SceneCoordinatorType.swift in Sources */,
				E65B066A281A638A00BBB4AB /* MemoListViewController.swift in Sources */,
				E65B0674281A675D00BBB4AB /* ViewModelBindableType.swift in Sources */,
				E65B0682281AA1F200BBB4AB /* CommonViewModel.swift in Sources */,
				E65B0670281A66D000BBB4AB /* MemoListViewModel.swift in Sources */,
				E65B0668281A603600BBB4AB /* MemoryStorage.swift in Sources */,
				E65B065D281A5A3800BBB4AB /* MemoDetailViewModel.swift in Sources */,
				E65B0661281A5A4600BBB4AB /* Scene.swift in Sources */,
			);
			runOnlyForDeploymentPostprocessing = 0;
		};
/* End PBXSourcesBuildPhase section */

/* Begin PBXVariantGroup section */
		E62734F828192E780006EC88 /* LaunchScreen.storyboard */ = {
			isa = PBXVariantGroup;
			children = (
				E62734F928192E780006EC88 /* Base */,
			);
			name = LaunchScreen.storyboard;
			sourceTree = "<group>";
		};
/* End PBXVariantGroup section */

/* Begin XCBuildConfiguration section */
		E62734FC28192E780006EC88 /* Debug */ = {
			isa = XCBuildConfiguration;
			buildSettings = {
				ALWAYS_SEARCH_USER_PATHS = NO;
				CLANG_ANALYZER_NONNULL = YES;
				CLANG_ANALYZER_NUMBER_OBJECT_CONVERSION = YES_AGGRESSIVE;
				CLANG_CXX_LANGUAGE_STANDARD = "gnu++17";
				CLANG_ENABLE_MODULES = YES;
				CLANG_ENABLE_OBJC_ARC = YES;
				CLANG_ENABLE_OBJC_WEAK = YES;
				CLANG_WARN_BLOCK_CAPTURE_AUTORELEASING = YES;
				CLANG_WARN_BOOL_CONVERSION = YES;
				CLANG_WARN_COMMA = YES;
				CLANG_WARN_CONSTANT_CONVERSION = YES;
				CLANG_WARN_DEPRECATED_OBJC_IMPLEMENTATIONS = YES;
				CLANG_WARN_DIRECT_OBJC_ISA_USAGE = YES_ERROR;
				CLANG_WARN_DOCUMENTATION_COMMENTS = YES;
				CLANG_WARN_EMPTY_BODY = YES;
				CLANG_WARN_ENUM_CONVERSION = YES;
				CLANG_WARN_INFINITE_RECURSION = YES;
				CLANG_WARN_INT_CONVERSION = YES;
				CLANG_WARN_NON_LITERAL_NULL_CONVERSION = YES;
				CLANG_WARN_OBJC_IMPLICIT_RETAIN_SELF = YES;
				CLANG_WARN_OBJC_LITERAL_CONVERSION = YES;
				CLANG_WARN_OBJC_ROOT_CLASS = YES_ERROR;
				CLANG_WARN_QUOTED_INCLUDE_IN_FRAMEWORK_HEADER = YES;
				CLANG_WARN_RANGE_LOOP_ANALYSIS = YES;
				CLANG_WARN_STRICT_PROTOTYPES = YES;
				CLANG_WARN_SUSPICIOUS_MOVE = YES;
				CLANG_WARN_UNGUARDED_AVAILABILITY = YES_AGGRESSIVE;
				CLANG_WARN_UNREACHABLE_CODE = YES;
				CLANG_WARN__DUPLICATE_METHOD_MATCH = YES;
				COPY_PHASE_STRIP = NO;
				DEBUG_INFORMATION_FORMAT = dwarf;
				ENABLE_STRICT_OBJC_MSGSEND = YES;
				ENABLE_TESTABILITY = YES;
				GCC_C_LANGUAGE_STANDARD = gnu11;
				GCC_DYNAMIC_NO_PIC = NO;
				GCC_NO_COMMON_BLOCKS = YES;
				GCC_OPTIMIZATION_LEVEL = 0;
				GCC_PREPROCESSOR_DEFINITIONS = (
					"DEBUG=1",
					"$(inherited)",
				);
				GCC_WARN_64_TO_32_BIT_CONVERSION = YES;
				GCC_WARN_ABOUT_RETURN_TYPE = YES_ERROR;
				GCC_WARN_UNDECLARED_SELECTOR = YES;
				GCC_WARN_UNINITIALIZED_AUTOS = YES_AGGRESSIVE;
				GCC_WARN_UNUSED_FUNCTION = YES;
				GCC_WARN_UNUSED_VARIABLE = YES;
				IPHONEOS_DEPLOYMENT_TARGET = 15.4;
				MTL_ENABLE_DEBUG_INFO = INCLUDE_SOURCE;
				MTL_FAST_MATH = YES;
				ONLY_ACTIVE_ARCH = YES;
				SDKROOT = iphoneos;
				SWIFT_ACTIVE_COMPILATION_CONDITIONS = DEBUG;
				SWIFT_OPTIMIZATION_LEVEL = "-Onone";
			};
			name = Debug;
		};
		E62734FD28192E780006EC88 /* Release */ = {
			isa = XCBuildConfiguration;
			buildSettings = {
				ALWAYS_SEARCH_USER_PATHS = NO;
				CLANG_ANALYZER_NONNULL = YES;
				CLANG_ANALYZER_NUMBER_OBJECT_CONVERSION = YES_AGGRESSIVE;
				CLANG_CXX_LANGUAGE_STANDARD = "gnu++17";
				CLANG_ENABLE_MODULES = YES;
				CLANG_ENABLE_OBJC_ARC = YES;
				CLANG_ENABLE_OBJC_WEAK = YES;
				CLANG_WARN_BLOCK_CAPTURE_AUTORELEASING = YES;
				CLANG_WARN_BOOL_CONVERSION = YES;
				CLANG_WARN_COMMA = YES;
				CLANG_WARN_CONSTANT_CONVERSION = YES;
				CLANG_WARN_DEPRECATED_OBJC_IMPLEMENTATIONS = YES;
				CLANG_WARN_DIRECT_OBJC_ISA_USAGE = YES_ERROR;
				CLANG_WARN_DOCUMENTATION_COMMENTS = YES;
				CLANG_WARN_EMPTY_BODY = YES;
				CLANG_WARN_ENUM_CONVERSION = YES;
				CLANG_WARN_INFINITE_RECURSION = YES;
				CLANG_WARN_INT_CONVERSION = YES;
				CLANG_WARN_NON_LITERAL_NULL_CONVERSION = YES;
				CLANG_WARN_OBJC_IMPLICIT_RETAIN_SELF = YES;
				CLANG_WARN_OBJC_LITERAL_CONVERSION = YES;
				CLANG_WARN_OBJC_ROOT_CLASS = YES_ERROR;
				CLANG_WARN_QUOTED_INCLUDE_IN_FRAMEWORK_HEADER = YES;
				CLANG_WARN_RANGE_LOOP_ANALYSIS = YES;
				CLANG_WARN_STRICT_PROTOTYPES = YES;
				CLANG_WARN_SUSPICIOUS_MOVE = YES;
				CLANG_WARN_UNGUARDED_AVAILABILITY = YES_AGGRESSIVE;
				CLANG_WARN_UNREACHABLE_CODE = YES;
				CLANG_WARN__DUPLICATE_METHOD_MATCH = YES;
				COPY_PHASE_STRIP = NO;
				DEBUG_INFORMATION_FORMAT = "dwarf-with-dsym";
				ENABLE_NS_ASSERTIONS = NO;
				ENABLE_STRICT_OBJC_MSGSEND = YES;
				GCC_C_LANGUAGE_STANDARD = gnu11;
				GCC_NO_COMMON_BLOCKS = YES;
				GCC_WARN_64_TO_32_BIT_CONVERSION = YES;
				GCC_WARN_ABOUT_RETURN_TYPE = YES_ERROR;
				GCC_WARN_UNDECLARED_SELECTOR = YES;
				GCC_WARN_UNINITIALIZED_AUTOS = YES_AGGRESSIVE;
				GCC_WARN_UNUSED_FUNCTION = YES;
				GCC_WARN_UNUSED_VARIABLE = YES;
				IPHONEOS_DEPLOYMENT_TARGET = 15.4;
				MTL_ENABLE_DEBUG_INFO = NO;
				MTL_FAST_MATH = YES;
				SDKROOT = iphoneos;
				SWIFT_COMPILATION_MODE = wholemodule;
				SWIFT_OPTIMIZATION_LEVEL = "-O";
				VALIDATE_PRODUCT = YES;
			};
			name = Release;
		};
		E62734FF28192E780006EC88 /* Debug */ = {
			isa = XCBuildConfiguration;
			baseConfigurationReference = 12249FFB098FF680D4536D80 /* Pods-RxMemo.debug.xcconfig */;
			buildSettings = {
				ASSETCATALOG_COMPILER_APPICON_NAME = AppIcon;
				ASSETCATALOG_COMPILER_GLOBAL_ACCENT_COLOR_NAME = AccentColor;
				CODE_SIGN_STYLE = Automatic;
				CURRENT_PROJECT_VERSION = 1;
				DEVELOPMENT_TEAM = 836F74QU3G;
				GENERATE_INFOPLIST_FILE = YES;
				INFOPLIST_FILE = RxMemo/Info.plist;
				INFOPLIST_KEY_UIApplicationSupportsIndirectInputEvents = YES;
				INFOPLIST_KEY_UILaunchStoryboardName = LaunchScreen;
				INFOPLIST_KEY_UISupportedInterfaceOrientations_iPad = "UIInterfaceOrientationPortrait UIInterfaceOrientationPortraitUpsideDown UIInterfaceOrientationLandscapeLeft UIInterfaceOrientationLandscapeRight";
				INFOPLIST_KEY_UISupportedInterfaceOrientations_iPhone = "UIInterfaceOrientationPortrait UIInterfaceOrientationLandscapeLeft UIInterfaceOrientationLandscapeRight";
				LD_RUNPATH_SEARCH_PATHS = (
					"$(inherited)",
					"@executable_path/Frameworks",
				);
				MARKETING_VERSION = 1.0;
				PRODUCT_BUNDLE_IDENTIFIER = com.kemi.RxMemo;
				PRODUCT_NAME = "$(TARGET_NAME)";
				SWIFT_EMIT_LOC_STRINGS = YES;
				SWIFT_VERSION = 5.0;
				TARGETED_DEVICE_FAMILY = "1,2";
			};
			name = Debug;
		};
		E627350028192E780006EC88 /* Release */ = {
			isa = XCBuildConfiguration;
			baseConfigurationReference = B01F0CB08DD7D695890F345C /* Pods-RxMemo.release.xcconfig */;
			buildSettings = {
				ASSETCATALOG_COMPILER_APPICON_NAME = AppIcon;
				ASSETCATALOG_COMPILER_GLOBAL_ACCENT_COLOR_NAME = AccentColor;
				CODE_SIGN_STYLE = Automatic;
				CURRENT_PROJECT_VERSION = 1;
				DEVELOPMENT_TEAM = 836F74QU3G;
				GENERATE_INFOPLIST_FILE = YES;
				INFOPLIST_FILE = RxMemo/Info.plist;
				INFOPLIST_KEY_UIApplicationSupportsIndirectInputEvents = YES;
				INFOPLIST_KEY_UILaunchStoryboardName = LaunchScreen;
				INFOPLIST_KEY_UISupportedInterfaceOrientations_iPad = "UIInterfaceOrientationPortrait UIInterfaceOrientationPortraitUpsideDown UIInterfaceOrientationLandscapeLeft UIInterfaceOrientationLandscapeRight";
				INFOPLIST_KEY_UISupportedInterfaceOrientations_iPhone = "UIInterfaceOrientationPortrait UIInterfaceOrientationLandscapeLeft UIInterfaceOrientationLandscapeRight";
				LD_RUNPATH_SEARCH_PATHS = (
					"$(inherited)",
					"@executable_path/Frameworks",
				);
				MARKETING_VERSION = 1.0;
				PRODUCT_BUNDLE_IDENTIFIER = com.kemi.RxMemo;
				PRODUCT_NAME = "$(TARGET_NAME)";
				SWIFT_EMIT_LOC_STRINGS = YES;
				SWIFT_VERSION = 5.0;
				TARGETED_DEVICE_FAMILY = "1,2";
			};
			name = Release;
		};
/* End XCBuildConfiguration section */

/* Begin XCConfigurationList section */
		E62734E228192E780006EC88 /* Build configuration list for PBXProject "RxMemo" */ = {
			isa = XCConfigurationList;
			buildConfigurations = (
				E62734FC28192E780006EC88 /* Debug */,
				E62734FD28192E780006EC88 /* Release */,
			);
			defaultConfigurationIsVisible = 0;
			defaultConfigurationName = Release;
		};
		E62734FE28192E780006EC88 /* Build configuration list for PBXNativeTarget "RxMemo" */ = {
			isa = XCConfigurationList;
			buildConfigurations = (
				E62734FF28192E780006EC88 /* Debug */,
				E627350028192E780006EC88 /* Release */,
			);
			defaultConfigurationIsVisible = 0;
			defaultConfigurationName = Release;
		};
/* End XCConfigurationList section */

/* Begin XCVersionGroup section */
		E62734F328192E780006EC88 /* RxMemo.xcdatamodeld */ = {
			isa = XCVersionGroup;
			children = (
				E62734F428192E780006EC88 /* RxMemo.xcdatamodel */,
			);
			currentVersion = E62734F428192E780006EC88 /* RxMemo.xcdatamodel */;
			path = RxMemo.xcdatamodeld;
			sourceTree = "<group>";
			versionGroupType = wrapper.xcdatamodel;
		};
/* End XCVersionGroup section */
	};
	rootObject = E62734DF28192E780006EC88 /* Project object */;
}
